
Microsoft Visual Studio Solution File, Format Version 12.00
# Visual Studio 15
VisualStudioVersion = 15.0.26124.0
MinimumVisualStudioVersion = 15.0.26124.0
Project("{FAE04EC0-301F-11D3-BF4B-00C04F79EFBC}") = "R5T.Chalandri.Glenrothes.Construction", "R5T.Chalandri.Glenrothes.Construction\R5T.Chalandri.Glenrothes.Construction.csproj", "{B28523E5-96B6-4470-B360-AD4303D65692}"
EndProject
Project("{FAE04EC0-301F-11D3-BF4B-00C04F79EFBC}") = "R5T.Chalandri.Glenrothes", "R5T.Chalandri.Glenrothes\R5T.Chalandri.Glenrothes.csproj", "{480D9074-9EF2-4ED2-AA52-258D4D630BC4}"
EndProject
Project("{FAE04EC0-301F-11D3-BF4B-00C04F79EFBC}") = "R5T.Chalandri.Glenrothes.Testing", "R5T.Chalandri.Glenrothes.Testing\R5T.Chalandri.Glenrothes.Testing.csproj", "{7891E767-8673-4F1D-B716-8AEDAE80C45A}"
EndProject
Global
	GlobalSection(SolutionConfigurationPlatforms) = preSolution
		Debug|Any CPU = Debug|Any CPU
		Debug|x64 = Debug|x64
		Debug|x86 = Debug|x86
		Release|Any CPU = Release|Any CPU
		Release|x64 = Release|x64
		Release|x86 = Release|x86
	EndGlobalSection
	GlobalSection(SolutionProperties) = preSolution
		HideSolutionNode = FALSE
	EndGlobalSection
	GlobalSection(ProjectConfigurationPlatforms) = postSolution
		{B28523E5-96B6-4470-B360-AD4303D65692}.Debug|Any CPU.ActiveCfg = Debug|Any CPU
		{B28523E5-96B6-4470-B360-AD4303D65692}.Debug|Any CPU.Build.0 = Debug|Any CPU
		{B28523E5-96B6-4470-B360-AD4303D65692}.Debug|x64.ActiveCfg = Debug|Any CPU
		{B28523E5-96B6-4470-B360-AD4303D65692}.Debug|x64.Build.0 = Debug|Any CPU
		{B28523E5-96B6-4470-B360-AD4303D65692}.Debug|x86.ActiveCfg = Debug|Any CPU
		{B28523E5-96B6-4470-B360-AD4303D65692}.Debug|x86.Build.0 = Debug|Any CPU
		{B28523E5-96B6-4470-B360-AD4303D65692}.Release|Any CPU.ActiveCfg = Release|Any CPU
		{B28523E5-96B6-4470-B360-AD4303D65692}.Release|Any CPU.Build.0 = Release|Any CPU
		{B28523E5-96B6-4470-B360-AD4303D65692}.Release|x64.ActiveCfg = Release|Any CPU
		{B28523E5-96B6-4470-B360-AD4303D65692}.Release|x64.Build.0 = Release|Any CPU
		{B28523E5-96B6-4470-B360-AD4303D65692}.Release|x86.ActiveCfg = Release|Any CPU
		{B28523E5-96B6-4470-B360-AD4303D65692}.Release|x86.Build.0 = Release|Any CPU
		{480D9074-9EF2-4ED2-AA52-258D4D630BC4}.Debug|Any CPU.ActiveCfg = Debug|Any CPU
		{480D9074-9EF2-4ED2-AA52-258D4D630BC4}.Debug|Any CPU.Build.0 = Debug|Any CPU
		{480D9074-9EF2-4ED2-AA52-258D4D630BC4}.Debug|x64.ActiveCfg = Debug|Any CPU
		{480D9074-9EF2-4ED2-AA52-258D4D630BC4}.Debug|x64.Build.0 = Debug|Any CPU
		{480D9074-9EF2-4ED2-AA52-258D4D630BC4}.Debug|x86.ActiveCfg = Debug|Any CPU
		{480D9074-9EF2-4ED2-AA52-258D4D630BC4}.Debug|x86.Build.0 = Debug|Any CPU
		{480D9074-9EF2-4ED2-AA52-258D4D630BC4}.Release|Any CPU.ActiveCfg = Release|Any CPU
		{480D9074-9EF2-4ED2-AA52-258D4D630BC4}.Release|Any CPU.Build.0 = Release|Any CPU
		{480D9074-9EF2-4ED2-AA52-258D4D630BC4}.Release|x64.ActiveCfg = Release|Any CPU
		{480D9074-9EF2-4ED2-AA52-258D4D630BC4}.Release|x64.Build.0 = Release|Any CPU
		{480D9074-9EF2-4ED2-AA52-258D4D630BC4}.Release|x86.ActiveCfg = Release|Any CPU
		{480D9074-9EF2-4ED2-AA52-258D4D630BC4}.Release|x86.Build.0 = Release|Any CPU
		{7891E767-8673-4F1D-B716-8AEDAE80C45A}.Debug|Any CPU.ActiveCfg = Debug|Any CPU
		{7891E767-8673-4F1D-B716-8AEDAE80C45A}.Debug|Any CPU.Build.0 = Debug|Any CPU
		{7891E767-8673-4F1D-B716-8AEDAE80C45A}.Debug|x64.ActiveCfg = Debug|Any CPU
		{7891E767-8673-4F1D-B716-8AEDAE80C45A}.Debug|x64.Build.0 = Debug|Any CPU
		{7891E767-8673-4F1D-B716-8AEDAE80C45A}.Debug|x86.ActiveCfg = Debug|Any CPU
		{7891E767-8673-4F1D-B716-8AEDAE80C45A}.Debug|x86.Build.0 = Debug|Any CPU
		{7891E767-8673-4F1D-B716-8AEDAE80C45A}.Release|Any CPU.ActiveCfg = Release|Any CPU
		{7891E767-8673-4F1D-B716-8AEDAE80C45A}.Release|Any CPU.Build.0 = Release|Any CPU
		{7891E767-8673-4F1D-B716-8AEDAE80C45A}.Release|x64.ActiveCfg = Release|Any CPU
		{7891E767-8673-4F1D-B716-8AEDAE80C45A}.Release|x64.Build.0 = Release|Any CPU
		{7891E767-8673-4F1D-B716-8AEDAE80C45A}.Release|x86.ActiveCfg = Release|Any CPU
		{7891E767-8673-4F1D-B716-8AEDAE80C45A}.Release|x86.Build.0 = Release|Any CPU
	EndGlobalSection
EndGlobal
